
Microsoft Visual Studio Solution File, Format Version 10.00
# Visual Studio 2008
Project("{FAE04EC0-301F-11D3-BF4B-00C04F79EFBC}") = "QLBHalpha2", "QLBHalpha2\QLBHalpha2.csproj", "{20C82B0A-AB8E-4688-8691-C4C1906CF6F4}"
EndProject
Global
	GlobalSection(SolutionConfigurationPlatforms) = preSolution
		Debug|Any CPU = Debug|Any CPU
		Release|Any CPU = Release|Any CPU
	EndGlobalSection
	GlobalSection(ProjectConfigurationPlatforms) = postSolution
		{20C82B0A-AB8E-4688-8691-C4C1906CF6F4}.Debug|Any CPU.ActiveCfg = Debug|Any CPU
		{20C82B0A-AB8E-4688-8691-C4C1906CF6F4}.Debug|Any CPU.Build.0 = Debug|Any CPU
		{20C82B0A-AB8E-4688-8691-C4C1906CF6F4}.Release|Any CPU.ActiveCfg = Release|Any CPU
		{20C82B0A-AB8E-4688-8691-C4C1906CF6F4}.Release|Any CPU.Build.0 = Release|Any CPU
	EndGlobalSection
	GlobalSection(SolutionProperties) = preSolution
		HideSolutionNode = FALSE
	EndGlobalSection
EndGlobal
